{
  "name": "windows-hanger",
  "version": "0.0.1",
  "lockfileVersion": 2,
  "requires": true,
  "packages": {
    "": {
      "name": "windows-hanger",
      "version": "0.0.1",
      "license": "MIT",
      "dependencies": {
        "read-stdin": "file:pkgs/read-stdin"
      }
    },
    "node_modules/read-stdin": {
      "resolved": "pkgs/read-stdin",
      "link": true
    },
    "pkgs/read-stdin": {
      "version": "0.0.1",
      "license": "MIT",
      "bin": {
        "read-stdin": "index.js"
      }
    }
  },
  "dependencies": {
    "read-stdin": {
      "version": "file:pkgs/read-stdin"
    }
  }
}
